github.com/jsonicjs/jsonic/go v0.1.16-0.20260414152106-fc840a706389 h1:ieVCIYU0//FXYcRfCXbIl0nDonTNdh7yYbnXLfCaaVY=
github.com/jsonicjs/jsonic/go v0.1.16-0.20260414152106-fc840a706389/go.mod h1:ObNKlCG7esWoi4AHCpdgkILvPINV8bpvkbCd4llGGUg=
github.com/jsonicjs/jsonic/go v0.1.16-0.20260414154112-a7123a89416f h1:Cm5qVNBZ2HX6ytlmVLETnFs04Q8gmCzXXmM41nO0tHs=
github.com/jsonicjs/jsonic/go v0.1.16-0.20260414154112-a7123a89416f/go.mod h1:ObNKlCG7esWoi4AHCpdgkILvPINV8bpvkbCd4llGGUg=
github.com/jsonicjs/jsonic/go v0.1.16-0.20260414154952-6cf502bdab73 h1:0wr2ga68Bv+WvVKCdh5JZ4UbIqNC8sNi1BReCpBil+I=
github.com/jsonicjs/jsonic/go v0.1.16-0.20260414154952-6cf502bdab73/go.mod h1:ObNKlCG7esWoi4AHCpdgkILvPINV8bpvkbCd4llGGUg=
github.com/jsonicjs/jsonic/go v0.1.16-0.20260414171226-658b8423f645 h1:dpnkbPb+PFJyTJekQ3kFZdje8Vc75nH3dZSeVciqw64=
github.com/jsonicjs/jsonic/go v0.1.16-0.20260414171226-658b8423f645/go.mod h1:ObNKlCG7esWoi4AHCpdgkILvPINV8bpvkbCd4llGGUg=
github.com/jsonicjs/jsonic/go v0.1.16-0.20260414173219-11271873799c h1:NMy6WDlgAoN18lvmyDet9DVBEXrmc209fFg34ABm/hw=
github.com/jsonicjs/jsonic/go v0.1.16-0.20260414173219-11271873799c/go.mod h1:ObNKlCG7esWoi4AHCpdgkILvPINV8bpvkbCd4llGGUg=
github.com/jsonicjs/jsonic/go v0.1.18 h1:OW15hjFisrw2n7HE6zDuQAikW8A5NUW8OyP4SCG2oFg=
github.com/jsonicjs/jsonic/go v0.1.18/go.mod h1:ObNKlCG7esWoi4AHCpdgkILvPINV8bpvkbCd4llGGUg=
